
Microsoft Visual Studio Solution File, Format Version 12.00
# Visual Studio Version 17
VisualStudioVersion = 17.6.33815.320
MinimumVisualStudioVersion = 10.0.40219.1
Project("{FAE04EC0-301F-11D3-BF4B-00C04F79EFBC}") = "LombardWebApp", "LombardWebApp\LombardWebApp.csproj", "{A6BD6522-5F87-4476-8842-FD87092B565F}"
EndProject
Global
	GlobalSection(SolutionConfigurationPlatforms) = preSolution
		Debug|Any CPU = Debug|Any CPU
		Release|Any CPU = Release|Any CPU
	EndGlobalSection
	GlobalSection(ProjectConfigurationPlatforms) = postSolution
		{A6BD6522-5F87-4476-8842-FD87092B565F}.Debug|Any CPU.ActiveCfg = Debug|Any CPU
		{A6BD6522-5F87-4476-8842-FD87092B565F}.Debug|Any CPU.Build.0 = Debug|Any CPU
		{A6BD6522-5F87-4476-8842-FD87092B565F}.Release|Any CPU.ActiveCfg = Release|Any CPU
		{A6BD6522-5F87-4476-8842-FD87092B565F}.Release|Any CPU.Build.0 = Release|Any CPU
	EndGlobalSection
	GlobalSection(SolutionProperties) = preSolution
		HideSolutionNode = FALSE
	EndGlobalSection
	GlobalSection(ExtensibilityGlobals) = postSolution
		SolutionGuid = {AC1DE5D8-DFE4-4027-909D-90DF7F3BCF7B}
	EndGlobalSection
EndGlobal
